
Microsoft Visual Studio Solution File, Format Version 12.00
# Visual Studio Version 17
VisualStudioVersion = 17.2.32526.322
MinimumVisualStudioVersion = 10.0.40219.1
Project("{FAE04EC0-301F-11D3-BF4B-00C04F79EFBC}") = "AbstractFactoryPattern-225112047", "AbstractFactoryPattern-225112047\AbstractFactoryPattern-225112047.csproj", "{BE1E6B48-B4ED-4E58-AFEB-DF00084235EF}"
EndProject
Project("{FAE04EC0-301F-11D3-BF4B-00C04F79EFBC}") = "PhoneServices", "PhoneServices\PhoneServices.csproj", "{8725F955-0FE9-4FD2-8D6A-8A6968DD23AA}"
EndProject
Global
	GlobalSection(SolutionConfigurationPlatforms) = preSolution
		Debug|Any CPU = Debug|Any CPU
		Release|Any CPU = Release|Any CPU
	EndGlobalSection
	GlobalSection(ProjectConfigurationPlatforms) = postSolution
		{BE1E6B48-B4ED-4E58-AFEB-DF00084235EF}.Debug|Any CPU.ActiveCfg = Debug|Any CPU
		{BE1E6B48-B4ED-4E58-AFEB-DF00084235EF}.Debug|Any CPU.Build.0 = Debug|Any CPU
		{BE1E6B48-B4ED-4E58-AFEB-DF00084235EF}.Release|Any CPU.ActiveCfg = Release|Any CPU
		{BE1E6B48-B4ED-4E58-AFEB-DF00084235EF}.Release|Any CPU.Build.0 = Release|Any CPU
		{8725F955-0FE9-4FD2-8D6A-8A6968DD23AA}.Debug|Any CPU.ActiveCfg = Debug|Any CPU
		{8725F955-0FE9-4FD2-8D6A-8A6968DD23AA}.Debug|Any CPU.Build.0 = Debug|Any CPU
		{8725F955-0FE9-4FD2-8D6A-8A6968DD23AA}.Release|Any CPU.ActiveCfg = Release|Any CPU
		{8725F955-0FE9-4FD2-8D6A-8A6968DD23AA}.Release|Any CPU.Build.0 = Release|Any CPU
	EndGlobalSection
	GlobalSection(SolutionProperties) = preSolution
		HideSolutionNode = FALSE
	EndGlobalSection
	GlobalSection(ExtensibilityGlobals) = postSolution
		SolutionGuid = {B8A9A579-FF03-4E75-B9CC-224FFFA26249}
	EndGlobalSection
EndGlobal
